
Microsoft Visual Studio Solution File, Format Version 12.00
# Visual Studio Version 17
VisualStudioVersion = 17.14.37314.3 d17.14
MinimumVisualStudioVersion = 10.0.40219.1
Project("{FAE04EC0-301F-11D3-BF4B-00C04F79EFBC}") = "PluralBridge.Api", "PluralBridge.Api\PluralBridge.Api.csproj", "{D40E659B-E483-405D-BD49-1EE1EBDE890C}"
EndProject
Global
	GlobalSection(SolutionConfigurationPlatforms) = preSolution
		Debug|Any CPU = Debug|Any CPU
		Release|Any CPU = Release|Any CPU
	EndGlobalSection
	GlobalSection(ProjectConfigurationPlatforms) = postSolution
		{D40E659B-E483-405D-BD49-1EE1EBDE890C}.Debug|Any CPU.ActiveCfg = Debug|Any CPU
		{D40E659B-E483-405D-BD49-1EE1EBDE890C}.Debug|Any CPU.Build.0 = Debug|Any CPU
		{D40E659B-E483-405D-BD49-1EE1EBDE890C}.Release|Any CPU.ActiveCfg = Release|Any CPU
		{D40E659B-E483-405D-BD49-1EE1EBDE890C}.Release|Any CPU.Build.0 = Release|Any CPU
	EndGlobalSection
	GlobalSection(SolutionProperties) = preSolution
		HideSolutionNode = FALSE
	EndGlobalSection
	GlobalSection(ExtensibilityGlobals) = postSolution
		SolutionGuid = {BF5C65E4-340D-4E25-AC7D-DA2AA63CC3CC}
	EndGlobalSection
EndGlobal
